
Microsoft Visual Studio Solution File, Format Version 12.00
# Visual Studio 15
VisualStudioVersion = 15.0.26730.12
MinimumVisualStudioVersion = 10.0.40219.1
Project("{8BC9CEB8-8B4A-11D0-8D11-00A0C91BC942}") = "ch1", "ch1\ch1.vcxproj", "{CF8688D1-0C59-4A51-ABB8-862F4D434ADB}"
EndProject
Project("{8BC9CEB8-8B4A-11D0-8D11-00A0C91BC942}") = "ch2", "ch2\ch2.vcxproj", "{A1A92FA4-3073-4300-BF95-0BBD1B3F7836}"
EndProject
Project("{8BC9CEB8-8B4A-11D0-8D11-00A0C91BC942}") = "ch3", "ch3\ch3.vcxproj", "{3215BFCA-E77B-45B3-81AE-7FEBFCB30D03}"
EndProject
Project("{8BC9CEB8-8B4A-11D0-8D11-00A0C91BC942}") = "補充", "補充\補充.vcxproj", "{15658019-1597-4810-B3D0-DB8AAC903F4F}"
EndProject
Project("{8BC9CEB8-8B4A-11D0-8D11-00A0C91BC942}") = "ch4", "ch4\ch4.vcxproj", "{422A777C-34C2-4296-9125-DA7197A23973}"
EndProject
Project("{8BC9CEB8-8B4A-11D0-8D11-00A0C91BC942}") = "ch5", "ch5\ch5.vcxproj", "{26C30771-31E9-4335-A698-AF98AFECF881}"
EndProject
Project("{8BC9CEB8-8B4A-11D0-8D11-00A0C91BC942}") = "function", "function\function.vcxproj", "{254544BD-6FD2-48E5-A623-B1EBC2AF599F}"
EndProject
Project("{8BC9CEB8-8B4A-11D0-8D11-00A0C91BC942}") = "ch7", "ch7\ch7.vcxproj", "{9408ADC1-77BF-4D38-A2C0-B7C43A7E550C}"
EndProject
Project("{8BC9CEB8-8B4A-11D0-8D11-00A0C91BC942}") = "ch8", "ch8\ch8.vcxproj", "{3375EEDA-D70E-4129-90F0-B326F3CF7E10}"
EndProject
Project("{8BC9CEB8-8B4A-11D0-8D11-00A0C91BC942}") = "struct", "struct\struct.vcxproj", "{0F2A3380-0BA2-4D7D-9601-578BE901C75D}"
EndProject
Project("{8BC9CEB8-8B4A-11D0-8D11-00A0C91BC942}") = "ch9", "ch9\ch9.vcxproj", "{C4D8141C-6F3E-4EA6-9BDA-B734469AF2D1}"
EndProject
Global
	GlobalSection(SolutionConfigurationPlatforms) = preSolution
		Debug|Any CPU = Debug|Any CPU
		Debug|ARM = Debug|ARM
		Debug|x64 = Debug|x64
		Debug|x86 = Debug|x86
		Release|Any CPU = Release|Any CPU
		Release|ARM = Release|ARM
		Release|x64 = Release|x64
		Release|x86 = Release|x86
	EndGlobalSection
	GlobalSection(ProjectConfigurationPlatforms) = postSolution
		{CF8688D1-0C59-4A51-ABB8-862F4D434ADB}.Debug|Any CPU.ActiveCfg = Debug|Win32
		{CF8688D1-0C59-4A51-ABB8-862F4D434ADB}.Debug|ARM.ActiveCfg = Debug|Win32
		{CF8688D1-0C59-4A51-ABB8-862F4D434ADB}.Debug|x64.ActiveCfg = Debug|x64
		{CF8688D1-0C59-4A51-ABB8-862F4D434ADB}.Debug|x64.Build.0 = Debug|x64
		{CF8688D1-0C59-4A51-ABB8-862F4D434ADB}.Debug|x86.ActiveCfg = Debug|Win32
		{CF8688D1-0C59-4A51-ABB8-862F4D434ADB}.Debug|x86.Build.0 = Debug|Win32
		{CF8688D1-0C59-4A51-ABB8-862F4D434ADB}.Release|Any CPU.ActiveCfg = Release|Win32
		{CF8688D1-0C59-4A51-ABB8-862F4D434ADB}.Release|ARM.ActiveCfg = Release|Win32
		{CF8688D1-0C59-4A51-ABB8-862F4D434ADB}.Release|x64.ActiveCfg = Release|x64
		{CF8688D1-0C59-4A51-ABB8-862F4D434ADB}.Release|x64.Build.0 = Release|x64
		{CF8688D1-0C59-4A51-ABB8-862F4D434ADB}.Release|x86.ActiveCfg = Release|Win32
		{CF8688D1-0C59-4A51-ABB8-862F4D434ADB}.Release|x86.Build.0 = Release|Win32
		{A1A92FA4-3073-4300-BF95-0BBD1B3F7836}.Debug|Any CPU.ActiveCfg = Debug|Win32
		{A1A92FA4-3073-4300-BF95-0BBD1B3F7836}.Debug|ARM.ActiveCfg = Debug|Win32
		{A1A92FA4-3073-4300-BF95-0BBD1B3F7836}.Debug|x64.ActiveCfg = Debug|x64
		{A1A92FA4-3073-4300-BF95-0BBD1B3F7836}.Debug|x64.Build.0 = Debug|x64
		{A1A92FA4-3073-4300-BF95-0BBD1B3F7836}.Debug|x86.ActiveCfg = Debug|Win32
		{A1A92FA4-3073-4300-BF95-0BBD1B3F7836}.Debug|x86.Build.0 = Debug|Win32
		{A1A92FA4-3073-4300-BF95-0BBD1B3F7836}.Release|Any CPU.ActiveCfg = Release|Win32
		{A1A92FA4-3073-4300-BF95-0BBD1B3F7836}.Release|ARM.ActiveCfg = Release|Win32
		{A1A92FA4-3073-4300-BF95-0BBD1B3F7836}.Release|x64.ActiveCfg = Release|x64
		{A1A92FA4-3073-4300-BF95-0BBD1B3F7836}.Release|x64.Build.0 = Release|x64
		{A1A92FA4-3073-4300-BF95-0BBD1B3F7836}.Release|x86.ActiveCfg = Release|Win32
		{A1A92FA4-3073-4300-BF95-0BBD1B3F7836}.Release|x86.Build.0 = Release|Win32
		{3215BFCA-E77B-45B3-81AE-7FEBFCB30D03}.Debug|Any CPU.ActiveCfg = Debug|Win32
		{3215BFCA-E77B-45B3-81AE-7FEBFCB30D03}.Debug|ARM.ActiveCfg = Debug|Win32
		{3215BFCA-E77B-45B3-81AE-7FEBFCB30D03}.Debug|x64.ActiveCfg = Debug|x64
		{3215BFCA-E77B-45B3-81AE-7FEBFCB30D03}.Debug|x64.Build.0 = Debug|x64
		{3215BFCA-E77B-45B3-81AE-7FEBFCB30D03}.Debug|x86.ActiveCfg = Debug|Win32
		{3215BFCA-E77B-45B3-81AE-7FEBFCB30D03}.Debug|x86.Build.0 = Debug|Win32
		{3215BFCA-E77B-45B3-81AE-7FEBFCB30D03}.Release|Any CPU.ActiveCfg = Release|Win32
		{3215BFCA-E77B-45B3-81AE-7FEBFCB30D03}.Release|ARM.ActiveCfg = Release|Win32
		{3215BFCA-E77B-45B3-81AE-7FEBFCB30D03}.Release|x64.ActiveCfg = Release|x64
		{3215BFCA-E77B-45B3-81AE-7FEBFCB30D03}.Release|x64.Build.0 = Release|x64
		{3215BFCA-E77B-45B3-81AE-7FEBFCB30D03}.Release|x86.ActiveCfg = Release|Win32
		{3215BFCA-E77B-45B3-81AE-7FEBFCB30D03}.Release|x86.Build.0 = Release|Win32
		{15658019-1597-4810-B3D0-DB8AAC903F4F}.Debug|Any CPU.ActiveCfg = Debug|Win32
		{15658019-1597-4810-B3D0-DB8AAC903F4F}.Debug|ARM.ActiveCfg = Debug|Win32
		{15658019-1597-4810-B3D0-DB8AAC903F4F}.Debug|x64.ActiveCfg = Debug|x64
		{15658019-1597-4810-B3D0-DB8AAC903F4F}.Debug|x64.Build.0 = Debug|x64
		{15658019-1597-4810-B3D0-DB8AAC903F4F}.Debug|x86.ActiveCfg = Debug|Win32
		{15658019-1597-4810-B3D0-DB8AAC903F4F}.Debug|x86.Build.0 = Debug|Win32
		{15658019-1597-4810-B3D0-DB8AAC903F4F}.Release|Any CPU.ActiveCfg = Release|Win32
		{15658019-1597-4810-B3D0-DB8AAC903F4F}.Release|ARM.ActiveCfg = Release|Win32
		{15658019-1597-4810-B3D0-DB8AAC903F4F}.Release|x64.ActiveCfg = Release|x64
		{15658019-1597-4810-B3D0-DB8AAC903F4F}.Release|x64.Build.0 = Release|x64
		{15658019-1597-4810-B3D0-DB8AAC903F4F}.Release|x86.ActiveCfg = Release|Win32
		{15658019-1597-4810-B3D0-DB8AAC903F4F}.Release|x86.Build.0 = Release|Win32
		{422A777C-34C2-4296-9125-DA7197A23973}.Debug|Any CPU.ActiveCfg = Debug|Win32
		{422A777C-34C2-4296-9125-DA7197A23973}.Debug|ARM.ActiveCfg = Debug|Win32
		{422A777C-34C2-4296-9125-DA7197A23973}.Debug|x64.ActiveCfg = Debug|x64
		{422A777C-34C2-4296-9125-DA7197A23973}.Debug|x64.Build.0 = Debug|x64
		{422A777C-34C2-4296-9125-DA7197A23973}.Debug|x86.ActiveCfg = Debug|Win32
		{422A777C-34C2-4296-9125-DA7197A23973}.Debug|x86.Build.0 = Debug|Win32
		{422A777C-34C2-4296-9125-DA7197A23973}.Release|Any CPU.ActiveCfg = Release|Win32
		{422A777C-34C2-4296-9125-DA7197A23973}.Release|ARM.ActiveCfg = Release|Win32
		{422A777C-34C2-4296-9125-DA7197A23973}.Release|x64.ActiveCfg = Release|x64
		{422A777C-34C2-4296-9125-DA7197A23973}.Release|x64.Build.0 = Release|x64
		{422A777C-34C2-4296-9125-DA7197A23973}.Release|x86.ActiveCfg = Release|Win32
		{422A777C-34C2-4296-9125-DA7197A23973}.Release|x86.Build.0 = Release|Win32
		{26C30771-31E9-4335-A698-AF98AFECF881}.Debug|Any CPU.ActiveCfg = Debug|Win32
		{26C30771-31E9-4335-A698-AF98AFECF881}.Debug|ARM.ActiveCfg = Debug|Win32
		{26C30771-31E9-4335-A698-AF98AFECF881}.Debug|x64.ActiveCfg = Debug|x64
		{26C30771-31E9-4335-A698-AF98AFECF881}.Debug|x64.Build.0 = Debug|x64
		{26C30771-31E9-4335-A698-AF98AFECF881}.Debug|x86.ActiveCfg = Debug|Win32
		{26C30771-31E9-4335-A698-AF98AFECF881}.Debug|x86.Build.0 = Debug|Win32
		{26C30771-31E9-4335-A698-AF98AFECF881}.Release|Any CPU.ActiveCfg = Release|Win32
		{26C30771-31E9-4335-A698-AF98AFECF881}.Release|ARM.ActiveCfg = Release|Win32
		{26C30771-31E9-4335-A698-AF98AFECF881}.Release|x64.ActiveCfg = Release|x64
		{26C30771-31E9-4335-A698-AF98AFECF881}.Release|x64.Build.0 = Release|x64
		{26C30771-31E9-4335-A698-AF98AFECF881}.Release|x86.ActiveCfg = Release|Win32
		{26C30771-31E9-4335-A698-AF98AFECF881}.Release|x86.Build.0 = Release|Win32
		{254544BD-6FD2-48E5-A623-B1EBC2AF599F}.Debug|Any CPU.ActiveCfg = Debug|Win32
		{254544BD-6FD2-48E5-A623-B1EBC2AF599F}.Debug|ARM.ActiveCfg = Debug|Win32
		{254544BD-6FD2-48E5-A623-B1EBC2AF599F}.Debug|x64.ActiveCfg = Debug|x64
		{254544BD-6FD2-48E5-A623-B1EBC2AF599F}.Debug|x64.Build.0 = Debug|x64
		{254544BD-6FD2-48E5-A623-B1EBC2AF599F}.Debug|x86.ActiveCfg = Debug|Win32
		{254544BD-6FD2-48E5-A623-B1EBC2AF599F}.Debug|x86.Build.0 = Debug|Win32
		{254544BD-6FD2-48E5-A623-B1EBC2AF599F}.Release|Any CPU.ActiveCfg = Release|Win32
		{254544BD-6FD2-48E5-A623-B1EBC2AF599F}.Release|ARM.ActiveCfg = Release|Win32
		{254544BD-6FD2-48E5-A623-B1EBC2AF599F}.Release|x64.ActiveCfg = Release|x64
		{254544BD-6FD2-48E5-A623-B1EBC2AF599F}.Release|x64.Build.0 = Release|x64
		{254544BD-6FD2-48E5-A623-B1EBC2AF599F}.Release|x86.ActiveCfg = Release|Win32
		{254544BD-6FD2-48E5-A623-B1EBC2AF599F}.Release|x86.Build.0 = Release|Win32
		{9408ADC1-77BF-4D38-A2C0-B7C43A7E550C}.Debug|Any CPU.ActiveCfg = Debug|Win32
		{9408ADC1-77BF-4D38-A2C0-B7C43A7E550C}.Debug|ARM.ActiveCfg = Debug|Win32
		{9408ADC1-77BF-4D38-A2C0-B7C43A7E550C}.Debug|x64.ActiveCfg = Debug|x64
		{9408ADC1-77BF-4D38-A2C0-B7C43A7E550C}.Debug|x64.Build.0 = Debug|x64
		{9408ADC1-77BF-4D38-A2C0-B7C43A7E550C}.Debug|x86.ActiveCfg = Debug|Win32
		{9408ADC1-77BF-4D38-A2C0-B7C43A7E550C}.Debug|x86.Build.0 = Debug|Win32
		{9408ADC1-77BF-4D38-A2C0-B7C43A7E550C}.Release|Any CPU.ActiveCfg = Release|Win32
		{9408ADC1-77BF-4D38-A2C0-B7C43A7E550C}.Release|ARM.ActiveCfg = Release|Win32
		{9408ADC1-77BF-4D38-A2C0-B7C43A7E550C}.Release|x64.ActiveCfg = Release|x64
		{9408ADC1-77BF-4D38-A2C0-B7C43A7E550C}.Release|x64.Build.0 = Release|x64
		{9408ADC1-77BF-4D38-A2C0-B7C43A7E550C}.Release|x86.ActiveCfg = Release|Win32
		{9408ADC1-77BF-4D38-A2C0-B7C43A7E550C}.Release|x86.Build.0 = Release|Win32
		{3375EEDA-D70E-4129-90F0-B326F3CF7E10}.Debug|Any CPU.ActiveCfg = Debug|Win32
		{3375EEDA-D70E-4129-90F0-B326F3CF7E10}.Debug|ARM.ActiveCfg = Debug|Win32
		{3375EEDA-D70E-4129-90F0-B326F3CF7E10}.Debug|x64.ActiveCfg = Debug|x64
		{3375EEDA-D70E-4129-90F0-B326F3CF7E10}.Debug|x64.Build.0 = Debug|x64
		{3375EEDA-D70E-4129-90F0-B326F3CF7E10}.Debug|x86.ActiveCfg = Debug|Win32
		{3375EEDA-D70E-4129-90F0-B326F3CF7E10}.Debug|x86.Build.0 = Debug|Win32
		{3375EEDA-D70E-4129-90F0-B326F3CF7E10}.Release|Any CPU.ActiveCfg = Release|Win32
		{3375EEDA-D70E-4129-90F0-B326F3CF7E10}.Release|ARM.ActiveCfg = Release|Win32
		{3375EEDA-D70E-4129-90F0-B326F3CF7E10}.Release|x64.ActiveCfg = Release|x64
		{3375EEDA-D70E-4129-90F0-B326F3CF7E10}.Release|x64.Build.0 = Release|x64
		{3375EEDA-D70E-4129-90F0-B326F3CF7E10}.Release|x86.ActiveCfg = Release|Win32
		{3375EEDA-D70E-4129-90F0-B326F3CF7E10}.Release|x86.Build.0 = Release|Win32
		{0F2A3380-0BA2-4D7D-9601-578BE901C75D}.Debug|Any CPU.ActiveCfg = Debug|Win32
		{0F2A3380-0BA2-4D7D-9601-578BE901C75D}.Debug|ARM.ActiveCfg = Debug|Win32
		{0F2A3380-0BA2-4D7D-9601-578BE901C75D}.Debug|x64.ActiveCfg = Debug|x64
		{0F2A3380-0BA2-4D7D-9601-578BE901C75D}.Debug|x64.Build.0 = Debug|x64
		{0F2A3380-0BA2-4D7D-9601-578BE901C75D}.Debug|x86.ActiveCfg = Debug|Win32
		{0F2A3380-0BA2-4D7D-9601-578BE901C75D}.Debug|x86.Build.0 = Debug|Win32
		{0F2A3380-0BA2-4D7D-9601-578BE901C75D}.Release|Any CPU.ActiveCfg = Release|Win32
		{0F2A3380-0BA2-4D7D-9601-578BE901C75D}.Release|ARM.ActiveCfg = Release|Win32
		{0F2A3380-0BA2-4D7D-9601-578BE901C75D}.Release|x64.ActiveCfg = Release|x64
		{0F2A3380-0BA2-4D7D-9601-578BE901C75D}.Release|x64.Build.0 = Release|x64
		{0F2A3380-0BA2-4D7D-9601-578BE901C75D}.Release|x86.ActiveCfg = Release|Win32
		{0F2A3380-0BA2-4D7D-9601-578BE901C75D}.Release|x86.Build.0 = Release|Win32
		{C4D8141C-6F3E-4EA6-9BDA-B734469AF2D1}.Debug|Any CPU.ActiveCfg = Debug|Win32
		{C4D8141C-6F3E-4EA6-9BDA-B734469AF2D1}.Debug|ARM.ActiveCfg = Debug|Win32
		{C4D8141C-6F3E-4EA6-9BDA-B734469AF2D1}.Debug|x64.ActiveCfg = Debug|x64
		{C4D8141C-6F3E-4EA6-9BDA-B734469AF2D1}.Debug|x64.Build.0 = Debug|x64
		{C4D8141C-6F3E-4EA6-9BDA-B734469AF2D1}.Debug|x86.ActiveCfg = Debug|Win32
		{C4D8141C-6F3E-4EA6-9BDA-B734469AF2D1}.Debug|x86.Build.0 = Debug|Win32
		{C4D8141C-6F3E-4EA6-9BDA-B734469AF2D1}.Release|Any CPU.ActiveCfg = Release|Win32
		{C4D8141C-6F3E-4EA6-9BDA-B734469AF2D1}.Release|ARM.ActiveCfg = Release|Win32
		{C4D8141C-6F3E-4EA6-9BDA-B734469AF2D1}.Release|x64.ActiveCfg = Release|x64
		{C4D8141C-6F3E-4EA6-9BDA-B734469AF2D1}.Release|x64.Build.0 = Release|x64
		{C4D8141C-6F3E-4EA6-9BDA-B734469AF2D1}.Release|x86.ActiveCfg = Release|Win32
		{C4D8141C-6F3E-4EA6-9BDA-B734469AF2D1}.Release|x86.Build.0 = Release|Win32
	EndGlobalSection
	GlobalSection(SolutionProperties) = preSolution
		HideSolutionNode = FALSE
	EndGlobalSection
	GlobalSection(ExtensibilityGlobals) = postSolution
		SolutionGuid = {25847F8D-0A0E-4097-9CF9-CEC8490BB7C3}
	EndGlobalSection
EndGlobal
